// !$*UTF8*$!
{
	archiveVersion = 1;
	classes = {
	};
	objectVersion = 56;
	objects = {

/* Begin PBXBuildFile section */
		885F504C2BB08CE1008DB079 /* CLOTHINGAPPApp.swift in Sources */ = {isa = PBXBuildFile; fileRef = 885F504B2BB08CE1008DB079 /* CLOTHINGAPPApp.swift */; };
		885F504E2BB08CE1008DB079 /* ContentView.swift in Sources */ = {isa = PBXBuildFile; fileRef = 885F504D2BB08CE1008DB079 /* ContentView.swift */; };
		885F50502BB08CE5008DB079 /* Assets.xcassets in Resources */ = {isa = PBXBuildFile; fileRef = 885F504F2BB08CE5008DB079 /* Assets.xcassets */; };
		885F50532BB08CE5008DB079 /* Preview Assets.xcassets in Resources */ = {isa = PBXBuildFile; fileRef = 885F50522BB08CE5008DB079 /* Preview Assets.xcassets */; };
		885F505D2BB08CE6008DB079 /* CLOTHINGAPPTests.swift in Sources */ = {isa = PBXBuildFile; fileRef = 885F505C2BB08CE6008DB079 /* CLOTHINGAPPTests.swift */; };
		885F50672BB08CE6008DB079 /* CLOTHINGAPPUITests.swift in Sources */ = {isa = PBXBuildFile; fileRef = 885F50662BB08CE6008DB079 /* CLOTHINGAPPUITests.swift */; };
		885F50692BB08CE6008DB079 /* CLOTHINGAPPUITestsLaunchTests.swift in Sources */ = {isa = PBXBuildFile; fileRef = 885F50682BB08CE6008DB079 /* CLOTHINGAPPUITestsLaunchTests.swift */; };
		88C810D42BB480E4006FDF4B /* LoginView.swift in Sources */ = {isa = PBXBuildFile; fileRef = 88C810D32BB480E3006FDF4B /* LoginView.swift */; };
		88C810D62BB491CD006FDF4B /* HomeView.swift in Sources */ = {isa = PBXBuildFile; fileRef = 88C810D52BB491CD006FDF4B /* HomeView.swift */; };
		88C810D82BB492E0006FDF4B /* ShopByCategory.swift in Sources */ = {isa = PBXBuildFile; fileRef = 88C810D72BB492DF006FDF4B /* ShopByCategory.swift */; };
		88C810DE2BB56972006FDF4B /* NewUserView.swift in Sources */ = {isa = PBXBuildFile; fileRef = 88C810DD2BB56971006FDF4B /* NewUserView.swift */; };
/* End PBXBuildFile section */

/* Begin PBXContainerItemProxy section */
		885F50592BB08CE6008DB079 /* PBXContainerItemProxy */ = {
			isa = PBXContainerItemProxy;
			containerPortal = 885F50402BB08CE0008DB079 /* Project object */;
			proxyType = 1;
			remoteGlobalIDString = 885F50472BB08CE0008DB079;
			remoteInfo = CLOTHINGAPP;
		};
		885F50632BB08CE6008DB079 /* PBXContainerItemProxy */ = {
			isa = PBXContainerItemProxy;
			containerPortal = 885F50402BB08CE0008DB079 /* Project object */;
			proxyType = 1;
			remoteGlobalIDString = 885F50472BB08CE0008DB079;
			remoteInfo = CLOTHINGAPP;
		};
/* End PBXContainerItemProxy section */

/* Begin PBXFileReference section */
		885F50482BB08CE0008DB079 /* CLOTHINGAPP.app */ = {isa = PBXFileReference; explicitFileType = wrapper.application; includeInIndex = 0; path = CLOTHINGAPP.app; sourceTree = BUILT_PRODUCTS_DIR; };
		885F504B2BB08CE1008DB079 /* CLOTHINGAPPApp.swift */ = {isa = PBXFileReference; lastKnownFileType = sourcecode.swift; path = CLOTHINGAPPApp.swift; sourceTree = "<group>"; };
		885F504D2BB08CE1008DB079 /* ContentView.swift */ = {isa = PBXFileReference; lastKnownFileType = sourcecode.swift; path = ContentView.swift; sourceTree = "<group>"; };
		885F504F2BB08CE5008DB079 /* Assets.xcassets */ = {isa = PBXFileReference; lastKnownFileType = folder.assetcatalog; path = Assets.xcassets; sourceTree = "<group>"; };
		885F50522BB08CE5008DB079 /* Preview Assets.xcassets */ = {isa = PBXFileReference; lastKnownFileType = folder.assetcatalog; path = "Preview Assets.xcassets"; sourceTree = "<group>"; };
		885F50582BB08CE6008DB079 /* CLOTHINGAPPTests.xctest */ = {isa = PBXFileReference; explicitFileType = wrapper.cfbundle; includeInIndex = 0; path = CLOTHINGAPPTests.xctest; sourceTree = BUILT_PRODUCTS_DIR; };
		885F505C2BB08CE6008DB079 /* CLOTHINGAPPTests.swift */ = {isa = PBXFileReference; lastKnownFileType = sourcecode.swift; path = CLOTHINGAPPTests.swift; sourceTree = "<group>"; };
		885F50622BB08CE6008DB079 /* CLOTHINGAPPUITests.xctest */ = {isa = PBXFileReference; explicitFileType = wrapper.cfbundle; includeInIndex = 0; path = CLOTHINGAPPUITests.xctest; sourceTree = BUILT_PRODUCTS_DIR; };
		885F50662BB08CE6008DB079 /* CLOTHINGAPPUITests.swift */ = {isa = PBXFileReference; lastKnownFileType = sourcecode.swift; path = CLOTHINGAPPUITests.swift; sourceTree = "<group>"; };
		885F50682BB08CE6008DB079 /* CLOTHINGAPPUITestsLaunchTests.swift */ = {isa = PBXFileReference; lastKnownFileType = sourcecode.swift; path = CLOTHINGAPPUITestsLaunchTests.swift; sourceTree = "<group>"; };
		88C810D32BB480E3006FDF4B /* LoginView.swift */ = {isa = PBXFileReference; lastKnownFileType = sourcecode.swift; path = LoginView.swift; sourceTree = "<group>"; };
		88C810D52BB491CD006FDF4B /* HomeView.swift */ = {isa = PBXFileReference; lastKnownFileType = sourcecode.swift; path = HomeView.swift; sourceTree = "<group>"; };
		88C810D72BB492DF006FDF4B /* ShopByCategory.swift */ = {isa = PBXFileReference; lastKnownFileType = sourcecode.swift; path = ShopByCategory.swift; sourceTree = "<group>"; };
		88C810DD2BB56971006FDF4B /* NewUserView.swift */ = {isa = PBXFileReference; lastKnownFileType = sourcecode.swift; path = NewUserView.swift; sourceTree = "<group>"; };
/* End PBXFileReference section */

/* Begin PBXFrameworksBuildPhase section */
		885F50452BB08CE0008DB079 /* Frameworks */ = {
			isa = PBXFrameworksBuildPhase;
			buildActionMask = 2147483647;
			files = (
			);
			runOnlyForDeploymentPostprocessing = 0;
		};
		885F50552BB08CE6008DB079 /* Frameworks */ = {
			isa = PBXFrameworksBuildPhase;
			buildActionMask = 2147483647;
			files = (
			);
			runOnlyForDeploymentPostprocessing = 0;
		};
		885F505F2BB08CE6008DB079 /* Frameworks */ = {
			isa = PBXFrameworksBuildPhase;
			buildActionMask = 2147483647;
			files = (
			);
			runOnlyForDeploymentPostprocessing = 0;
		};
/* End PBXFrameworksBuildPhase section */

/* Begin PBXGroup section */
		885F503F2BB08CE0008DB079 = {
			isa = PBXGroup;
			children = (
				885F504A2BB08CE0008DB079 /* CLOTHINGAPP */,
				885F505B2BB08CE6008DB079 /* CLOTHINGAPPTests */,
				885F50652BB08CE6008DB079 /* CLOTHINGAPPUITests */,
				885F50492BB08CE0008DB079 /* Products */,
			);
			sourceTree = "<group>";
		};
		885F50492BB08CE0008DB079 /* Products */ = {
			isa = PBXGroup;
			children = (
				885F50482BB08CE0008DB079 /* CLOTHINGAPP.app */,
				885F50582BB08CE6008DB079 /* CLOTHINGAPPTests.xctest */,
				885F50622BB08CE6008DB079 /* CLOTHINGAPPUITests.xctest */,
			);
			name = Products;
			sourceTree = "<group>";
		};
		885F504A2BB08CE0008DB079 /* CLOTHINGAPP */ = {
			isa = PBXGroup;
			children = (
				885F50792BB09071008DB079 /* ViewModel */,
				885F50782BB09061008DB079 /* View */,
				885F50772BB09047008DB079 /* Model */,
				885F504B2BB08CE1008DB079 /* CLOTHINGAPPApp.swift */,
				885F504D2BB08CE1008DB079 /* ContentView.swift */,
				885F504F2BB08CE5008DB079 /* Assets.xcassets */,
				885F50512BB08CE5008DB079 /* Preview Content */,
			);
			path = CLOTHINGAPP;
			sourceTree = "<group>";
		};
		885F50512BB08CE5008DB079 /* Preview Content */ = {
			isa = PBXGroup;
			children = (
				885F50522BB08CE5008DB079 /* Preview Assets.xcassets */,
			);
			path = "Preview Content";
			sourceTree = "<group>";
		};
		885F505B2BB08CE6008DB079 /* CLOTHINGAPPTests */ = {
			isa = PBXGroup;
			children = (
				885F505C2BB08CE6008DB079 /* CLOTHINGAPPTests.swift */,
			);
			path = CLOTHINGAPPTests;
			sourceTree = "<group>";
		};
		885F50652BB08CE6008DB079 /* CLOTHINGAPPUITests */ = {
			isa = PBXGroup;
			children = (
				885F50662BB08CE6008DB079 /* CLOTHINGAPPUITests.swift */,
				885F50682BB08CE6008DB079 /* CLOTHINGAPPUITestsLaunchTests.swift */,
			);
			path = CLOTHINGAPPUITests;
			sourceTree = "<group>";
		};
		885F50772BB09047008DB079 /* Model */ = {
			isa = PBXGroup;
			children = (
			);
			path = Model;
			sourceTree = "<group>";
		};
		885F50782BB09061008DB079 /* View */ = {
			isa = PBXGroup;
			children = (
				88C810D32BB480E3006FDF4B /* LoginView.swift */,
				88C810D52BB491CD006FDF4B /* HomeView.swift */,
				88C810D72BB492DF006FDF4B /* ShopByCategory.swift */,
				88C810DD2BB56971006FDF4B /* NewUserView.swift */,
			);
			path = View;
			sourceTree = "<group>";
		};
		885F50792BB09071008DB079 /* ViewModel */ = {
			isa = PBXGroup;
			children = (
			);
			path = ViewModel;
			sourceTree = "<group>";
		};
/* End PBXGroup section */

/* Begin PBXNativeTarget section */
		885F50472BB08CE0008DB079 /* CLOTHINGAPP */ = {
			isa = PBXNativeTarget;
			buildConfigurationList = 885F506C2BB08CE6008DB079 /* Build configuration list for PBXNativeTarget "CLOTHINGAPP" */;
			buildPhases = (
				885F50442BB08CE0008DB079 /* Sources */,
				885F50452BB08CE0008DB079 /* Frameworks */,
				885F50462BB08CE0008DB079 /* Resources */,
			);
			buildRules = (
			);
			dependencies = (
			);
			name = CLOTHINGAPP;
			productName = CLOTHINGAPP;
			productReference = 885F50482BB08CE0008DB079 /* CLOTHINGAPP.app */;
			productType = "com.apple.product-type.application";
		};
		885F50572BB08CE6008DB079 /* CLOTHINGAPPTests */ = {
			isa = PBXNativeTarget;
			buildConfigurationList = 885F506F2BB08CE6008DB079 /* Build configuration list for PBXNativeTarget "CLOTHINGAPPTests" */;
			buildPhases = (
				885F50542BB08CE6008DB079 /* Sources */,
				885F50552BB08CE6008DB079 /* Frameworks */,
				885F50562BB08CE6008DB079 /* Resources */,
			);
			buildRules = (
			);
			dependencies = (
				885F505A2BB08CE6008DB079 /* PBXTargetDependency */,
			);
			name = CLOTHINGAPPTests;
			productName = CLOTHINGAPPTests;
			productReference = 885F50582BB08CE6008DB079 /* CLOTHINGAPPTests.xctest */;
			productType = "com.apple.product-type.bundle.unit-test";
		};
		885F50612BB08CE6008DB079 /* CLOTHINGAPPUITests */ = {
			isa = PBXNativeTarget;
			buildConfigurationList = 885F50722BB08CE6008DB079 /* Build configuration list for PBXNativeTarget "CLOTHINGAPPUITests" */;
			buildPhases = (
				885F505E2BB08CE6008DB079 /* Sources */,
				885F505F2BB08CE6008DB079 /* Frameworks */,
				885F50602BB08CE6008DB079 /* Resources */,
			);
			buildRules = (
			);
			dependencies = (
				885F50642BB08CE6008DB079 /* PBXTargetDependency */,
			);
			name = CLOTHINGAPPUITests;
			productName = CLOTHINGAPPUITests;
			productReference = 885F50622BB08CE6008DB079 /* CLOTHINGAPPUITests.xctest */;
			productType = "com.apple.product-type.bundle.ui-testing";
		};
/* End PBXNativeTarget section */

/* Begin PBXProject section */
		885F50402BB08CE0008DB079 /* Project object */ = {
			isa = PBXProject;
			attributes = {
				BuildIndependentTargetsInParallel = 1;
				LastSwiftUpdateCheck = 1530;
				LastUpgradeCheck = 1530;
				TargetAttributes = {
					885F50472BB08CE0008DB079 = {
						CreatedOnToolsVersion = 15.3;
					};
					885F50572BB08CE6008DB079 = {
						CreatedOnToolsVersion = 15.3;
						TestTargetID = 885F50472BB08CE0008DB079;
					};
					885F50612BB08CE6008DB079 = {
						CreatedOnToolsVersion = 15.3;
						TestTargetID = 885F50472BB08CE0008DB079;
					};
				};
			};
			buildConfigurationList = 885F50432BB08CE0008DB079 /* Build configuration list for PBXProject "CLOTHINGAPP" */;
			compatibilityVersion = "Xcode 14.0";
			developmentRegion = en;
			hasScannedForEncodings = 0;
			knownRegions = (
				en,
				Base,
			);
			mainGroup = 885F503F2BB08CE0008DB079;
			productRefGroup = 885F50492BB08CE0008DB079 /* Products */;
			projectDirPath = "";
			projectRoot = "";
			targets = (
				885F50472BB08CE0008DB079 /* CLOTHINGAPP */,
				885F50572BB08CE6008DB079 /* CLOTHINGAPPTests */,
				885F50612BB08CE6008DB079 /* CLOTHINGAPPUITests */,
			);
		};
/* End PBXProject section */

/* Begin PBXResourcesBuildPhase section */
		885F50462BB08CE0008DB079 /* Resources */ = {
			isa = PBXResourcesBuildPhase;
			buildActionMask = 2147483647;
			files = (
				885F50532BB08CE5008DB079 /* Preview Assets.xcassets in Resources */,
				885F50502BB08CE5008DB079 /* Assets.xcassets in Resources */,
			);
			runOnlyForDeploymentPostprocessing = 0;
		};
		885F50562BB08CE6008DB079 /* Resources */ = {
			isa = PBXResourcesBuildPhase;
			buildActionMask = 2147483647;
			files = (
			);
			runOnlyForDeploymentPostprocessing = 0;
		};
		885F50602BB08CE6008DB079 /* Resources */ = {
			isa = PBXResourcesBuildPhase;
			buildActionMask = 2147483647;
			files = (
			);
			runOnlyForDeploymentPostprocessing = 0;
		};
/* End PBXResourcesBuildPhase section */

/* Begin PBXSourcesBuildPhase section */
		885F50442BB08CE0008DB079 /* Sources */ = {
			isa = PBXSourcesBuildPhase;
			buildActionMask = 2147483647;
			files = (
				885F504E2BB08CE1008DB079 /* ContentView.swift in Sources */,
				88C810D62BB491CD006FDF4B /* HomeView.swift in Sources */,
				88C810D42BB480E4006FDF4B /* LoginView.swift in Sources */,
				88C810D82BB492E0006FDF4B /* ShopByCategory.swift in Sources */,
				88C810DE2BB56972006FDF4B /* NewUserView.swift in Sources */,
				885F504C2BB08CE1008DB079 /* CLOTHINGAPPApp.swift in Sources */,
			);
			runOnlyForDeploymentPostprocessing = 0;
		};
		885F50542BB08CE6008DB079 /* Sources */ = {
			isa = PBXSourcesBuildPhase;
			buildActionMask = 2147483647;
			files = (
				885F505D2BB08CE6008DB079 /* CLOTHINGAPPTests.swift in Sources */,
			);
			runOnlyForDeploymentPostprocessing = 0;
		};
		885F505E2BB08CE6008DB079 /* Sources */ = {
			isa = PBXSourcesBuildPhase;
			buildActionMask = 2147483647;
			files = (
				885F50692BB08CE6008DB079 /* CLOTHINGAPPUITestsLaunchTests.swift in Sources */,
				885F50672BB08CE6008DB079 /* CLOTHINGAPPUITests.swift in Sources */,
			);
			runOnlyForDeploymentPostprocessing = 0;
		};
/* End PBXSourcesBuildPhase section */

/* Begin PBXTargetDependency section */
		885F505A2BB08CE6008DB079 /* PBXTargetDependency */ = {
			isa = PBXTargetDependency;
			target = 885F50472BB08CE0008DB079 /* CLOTHINGAPP */;
			targetProxy = 885F50592BB08CE6008DB079 /* PBXContainerItemProxy */;
		};
		885F50642BB08CE6008DB079 /* PBXTargetDependency */ = {
			isa = PBXTargetDependency;
			target = 885F50472BB08CE0008DB079 /* CLOTHINGAPP */;
			targetProxy = 885F50632BB08CE6008DB079 /* PBXContainerItemProxy */;
		};
/* End PBXTargetDependency section */

/* Begin XCBuildConfiguration section */
		885F506A2BB08CE6008DB079 /* Debug */ = {
			isa = XCBuildConfiguration;
			buildSettings = {
				ALWAYS_SEARCH_USER_PATHS = NO;
				ASSETCATALOG_COMPILER_GENERATE_SWIFT_ASSET_SYMBOL_EXTENSIONS = YES;
				CLANG_ANALYZER_NONNULL = YES;
				CLANG_ANALYZER_NUMBER_OBJECT_CONVERSION = YES_AGGRESSIVE;
				CLANG_CXX_LANGUAGE_STANDARD = "gnu++20";
				CLANG_ENABLE_MODULES = YES;
				CLANG_ENABLE_OBJC_ARC = YES;
				CLANG_ENABLE_OBJC_WEAK = YES;
				CLANG_WARN_BLOCK_CAPTURE_AUTORELEASING = YES;
				CLANG_WARN_BOOL_CONVERSION = YES;
				CLANG_WARN_COMMA = YES;
				CLANG_WARN_CONSTANT_CONVERSION = YES;
				CLANG_WARN_DEPRECATED_OBJC_IMPLEMENTATIONS = YES;
				CLANG_WARN_DIRECT_OBJC_ISA_USAGE = YES_ERROR;
				CLANG_WARN_DOCUMENTATION_COMMENTS = YES;
				CLANG_WARN_EMPTY_BODY = YES;
				CLANG_WARN_ENUM_CONVERSION = YES;
				CLANG_WARN_INFINITE_RECURSION = YES;
				CLANG_WARN_INT_CONVERSION = YES;
				CLANG_WARN_NON_LITERAL_NULL_CONVERSION = YES;
				CLANG_WARN_OBJC_IMPLICIT_RETAIN_SELF = YES;
				CLANG_WARN_OBJC_LITERAL_CONVERSION = YES;
				CLANG_WARN_OBJC_ROOT_CLASS = YES_ERROR;
				CLANG_WARN_QUOTED_INCLUDE_IN_FRAMEWORK_HEADER = YES;
				CLANG_WARN_RANGE_LOOP_ANALYSIS = YES;
				CLANG_WARN_STRICT_PROTOTYPES = YES;
				CLANG_WARN_SUSPICIOUS_MOVE = YES;
				CLANG_WARN_UNGUARDED_AVAILABILITY = YES_AGGRESSIVE;
				CLANG_WARN_UNREACHABLE_CODE = YES;
				CLANG_WARN__DUPLICATE_METHOD_MATCH = YES;
				COPY_PHASE_STRIP = NO;
				DEBUG_INFORMATION_FORMAT = dwarf;
				ENABLE_STRICT_OBJC_MSGSEND = YES;
				ENABLE_TESTABILITY = YES;
				ENABLE_USER_SCRIPT_SANDBOXING = YES;
				GCC_C_LANGUAGE_STANDARD = gnu17;
				GCC_DYNAMIC_NO_PIC = NO;
				GCC_NO_COMMON_BLOCKS = YES;
				GCC_OPTIMIZATION_LEVEL = 0;
				GCC_PREPROCESSOR_DEFINITIONS = (
					"DEBUG=1",
					"$(inherited)",
				);
				GCC_WARN_64_TO_32_BIT_CONVERSION = YES;
				GCC_WARN_ABOUT_RETURN_TYPE = YES_ERROR;
				GCC_WARN_UNDECLARED_SELECTOR = YES;
				GCC_WARN_UNINITIALIZED_AUTOS = YES_AGGRESSIVE;
				GCC_WARN_UNUSED_FUNCTION = YES;
				GCC_WARN_UNUSED_VARIABLE = YES;
				IPHONEOS_DEPLOYMENT_TARGET = 17.4;
				LOCALIZATION_PREFERS_STRING_CATALOGS = YES;
				MTL_ENABLE_DEBUG_INFO = INCLUDE_SOURCE;
				MTL_FAST_MATH = YES;
				ONLY_ACTIVE_ARCH = YES;
				SDKROOT = iphoneos;
				SWIFT_ACTIVE_COMPILATION_CONDITIONS = "DEBUG $(inherited)";
				SWIFT_OPTIMIZATION_LEVEL = "-Onone";
			};
			name = Debug;
		};
		885F506B2BB08CE6008DB079 /* Release */ = {
			isa = XCBuildConfiguration;
			buildSettings = {
				ALWAYS_SEARCH_USER_PATHS = NO;
				ASSETCATALOG_COMPILER_GENERATE_SWIFT_ASSET_SYMBOL_EXTENSIONS = YES;
				CLANG_ANALYZER_NONNULL = YES;
				CLANG_ANALYZER_NUMBER_OBJECT_CONVERSION = YES_AGGRESSIVE;
				CLANG_CXX_LANGUAGE_STANDARD = "gnu++20";
				CLANG_ENABLE_MODULES = YES;
				CLANG_ENABLE_OBJC_ARC = YES;
				CLANG_ENABLE_OBJC_WEAK = YES;
				CLANG_WARN_BLOCK_CAPTURE_AUTORELEASING = YES;
				CLANG_WARN_BOOL_CONVERSION = YES;
				CLANG_WARN_COMMA = YES;
				CLANG_WARN_CONSTANT_CONVERSION = YES;
				CLANG_WARN_DEPRECATED_OBJC_IMPLEMENTATIONS = YES;
				CLANG_WARN_DIRECT_OBJC_ISA_USAGE = YES_ERROR;
				CLANG_WARN_DOCUMENTATION_COMMENTS = YES;
				CLANG_WARN_EMPTY_BODY = YES;
				CLANG_WARN_ENUM_CONVERSION = YES;
				CLANG_WARN_INFINITE_RECURSION = YES;
				CLANG_WARN_INT_CONVERSION = YES;
				CLANG_WARN_NON_LITERAL_NULL_CONVERSION = YES;
				CLANG_WARN_OBJC_IMPLICIT_RETAIN_SELF = YES;
				CLANG_WARN_OBJC_LITERAL_CONVERSION = YES;
				CLANG_WARN_OBJC_ROOT_CLASS = YES_ERROR;
				CLANG_WARN_QUOTED_INCLUDE_IN_FRAMEWORK_HEADER = YES;
				CLANG_WARN_RANGE_LOOP_ANALYSIS = YES;
				CLANG_WARN_STRICT_PROTOTYPES = YES;
				CLANG_WARN_SUSPICIOUS_MOVE = YES;
				CLANG_WARN_UNGUARDED_AVAILABILITY = YES_AGGRESSIVE;
				CLANG_WARN_UNREACHABLE_CODE = YES;
				CLANG_WARN__DUPLICATE_METHOD_MATCH = YES;
				COPY_PHASE_STRIP = NO;
				DEBUG_INFORMATION_FORMAT = "dwarf-with-dsym";
				ENABLE_NS_ASSERTIONS = NO;
				ENABLE_STRICT_OBJC_MSGSEND = YES;
				ENABLE_USER_SCRIPT_SANDBOXING = YES;
				GCC_C_LANGUAGE_STANDARD = gnu17;
				GCC_NO_COMMON_BLOCKS = YES;
				GCC_WARN_64_TO_32_BIT_CONVERSION = YES;
				GCC_WARN_ABOUT_RETURN_TYPE = YES_ERROR;
				GCC_WARN_UNDECLARED_SELECTOR = YES;
				GCC_WARN_UNINITIALIZED_AUTOS = YES_AGGRESSIVE;
				GCC_WARN_UNUSED_FUNCTION = YES;
				GCC_WARN_UNUSED_VARIABLE = YES;
				IPHONEOS_DEPLOYMENT_TARGET = 17.4;
				LOCALIZATION_PREFERS_STRING_CATALOGS = YES;
				MTL_ENABLE_DEBUG_INFO = NO;
				MTL_FAST_MATH = YES;
				SDKROOT = iphoneos;
				SWIFT_COMPILATION_MODE = wholemodule;
				VALIDATE_PRODUCT = YES;
			};
			name = Release;
		};
		885F506D2BB08CE6008DB079 /* Debug */ = {
			isa = XCBuildConfiguration;
			buildSettings = {
				ASSETCATALOG_COMPILER_APPICON_NAME = AppIcon;
				ASSETCATALOG_COMPILER_GLOBAL_ACCENT_COLOR_NAME = AccentColor;
				CODE_SIGN_STYLE = Automatic;
				CURRENT_PROJECT_VERSION = 1;
				DEVELOPMENT_ASSET_PATHS = "\"CLOTHINGAPP/Preview Content\"";
				ENABLE_PREVIEWS = YES;
				GENERATE_INFOPLIST_FILE = YES;
				INFOPLIST_KEY_UIApplicationSceneManifest_Generation = YES;
				INFOPLIST_KEY_UIApplicationSupportsIndirectInputEvents = YES;
				INFOPLIST_KEY_UILaunchScreen_Generation = YES;
				INFOPLIST_KEY_UISupportedInterfaceOrientations_iPad = "UIInterfaceOrientationPortrait UIInterfaceOrientationPortraitUpsideDown UIInterfaceOrientationLandscapeLeft UIInterfaceOrientationLandscapeRight";
				INFOPLIST_KEY_UISupportedInterfaceOrientations_iPhone = "UIInterfaceOrientationPortrait UIInterfaceOrientationLandscapeLeft UIInterfaceOrientationLandscapeRight";
				LD_RUNPATH_SEARCH_PATHS = (
					"$(inherited)",
					"@executable_path/Frameworks",
				);
				MARKETING_VERSION = 1.0;
				PRODUCT_BUNDLE_IDENTIFIER = anuaham.CLOTHINGAPP;
				PRODUCT_NAME = "$(TARGET_NAME)";
				SWIFT_EMIT_LOC_STRINGS = YES;
				SWIFT_VERSION = 5.0;
				TARGETED_DEVICE_FAMILY = "1,2";
			};
			name = Debug;
		};
		885F506E2BB08CE6008DB079 /* Release */ = {
			isa = XCBuildConfiguration;
			buildSettings = {
				ASSETCATALOG_COMPILER_APPICON_NAME = AppIcon;
				ASSETCATALOG_COMPILER_GLOBAL_ACCENT_COLOR_NAME = AccentColor;
				CODE_SIGN_STYLE = Automatic;
				CURRENT_PROJECT_VERSION = 1;
				DEVELOPMENT_ASSET_PATHS = "\"CLOTHINGAPP/Preview Content\"";
				ENABLE_PREVIEWS = YES;
				GENERATE_INFOPLIST_FILE = YES;
				INFOPLIST_KEY_UIApplicationSceneManifest_Generation = YES;
				INFOPLIST_KEY_UIApplicationSupportsIndirectInputEvents = YES;
				INFOPLIST_KEY_UILaunchScreen_Generation = YES;
				INFOPLIST_KEY_UISupportedInterfaceOrientations_iPad = "UIInterfaceOrientationPortrait UIInterfaceOrientationPortraitUpsideDown UIInterfaceOrientationLandscapeLeft UIInterfaceOrientationLandscapeRight";
				INFOPLIST_KEY_UISupportedInterfaceOrientations_iPhone = "UIInterfaceOrientationPortrait UIInterfaceOrientationLandscapeLeft UIInterfaceOrientationLandscapeRight";
				LD_RUNPATH_SEARCH_PATHS = (
					"$(inherited)",
					"@executable_path/Frameworks",
				);
				MARKETING_VERSION = 1.0;
				PRODUCT_BUNDLE_IDENTIFIER = anuaham.CLOTHINGAPP;
				PRODUCT_NAME = "$(TARGET_NAME)";
				SWIFT_EMIT_LOC_STRINGS = YES;
				SWIFT_VERSION = 5.0;
				TARGETED_DEVICE_FAMILY = "1,2";
			};
			name = Release;
		};
		885F50702BB08CE6008DB079 /* Debug */ = {
			isa = XCBuildConfiguration;
			buildSettings = {
				ALWAYS_EMBED_SWIFT_STANDARD_LIBRARIES = YES;
				BUNDLE_LOADER = "$(TEST_HOST)";
				CODE_SIGN_STYLE = Automatic;
				CURRENT_PROJECT_VERSION = 1;
				GENERATE_INFOPLIST_FILE = YES;
				IPHONEOS_DEPLOYMENT_TARGET = 17.4;
				MARKETING_VERSION = 1.0;
				PRODUCT_BUNDLE_IDENTIFIER = anuaham.CLOTHINGAPPTests;
				PRODUCT_NAME = "$(TARGET_NAME)";
				SWIFT_EMIT_LOC_STRINGS = NO;
				SWIFT_VERSION = 5.0;
				TARGETED_DEVICE_FAMILY = "1,2";
				TEST_HOST = "$(BUILT_PRODUCTS_DIR)/CLOTHINGAPP.app/$(BUNDLE_EXECUTABLE_FOLDER_PATH)/CLOTHINGAPP";
			};
			name = Debug;
		};
		885F50712BB08CE6008DB079 /* Release */ = {
			isa = XCBuildConfiguration;
			buildSettings = {
				ALWAYS_EMBED_SWIFT_STANDARD_LIBRARIES = YES;
				BUNDLE_LOADER = "$(TEST_HOST)";
				CODE_SIGN_STYLE = Automatic;
				CURRENT_PROJECT_VERSION = 1;
				GENERATE_INFOPLIST_FILE = YES;
				IPHONEOS_DEPLOYMENT_TARGET = 17.4;
				MARKETING_VERSION = 1.0;
				PRODUCT_BUNDLE_IDENTIFIER = anuaham.CLOTHINGAPPTests;
				PRODUCT_NAME = "$(TARGET_NAME)";
				SWIFT_EMIT_LOC_STRINGS = NO;
				SWIFT_VERSION = 5.0;
				TARGETED_DEVICE_FAMILY = "1,2";
				TEST_HOST = "$(BUILT_PRODUCTS_DIR)/CLOTHINGAPP.app/$(BUNDLE_EXECUTABLE_FOLDER_PATH)/CLOTHINGAPP";
			};
			name = Release;
		};
		885F50732BB08CE6008DB079 /* Debug */ = {
			isa = XCBuildConfiguration;
			buildSettings = {
				ALWAYS_EMBED_SWIFT_STANDARD_LIBRARIES = YES;
				CODE_SIGN_STYLE = Automatic;
				CURRENT_PROJECT_VERSION = 1;
				GENERATE_INFOPLIST_FILE = YES;
				MARKETING_VERSION = 1.0;
				PRODUCT_BUNDLE_IDENTIFIER = anuaham.CLOTHINGAPPUITests;
				PRODUCT_NAME = "$(TARGET_NAME)";
				SWIFT_EMIT_LOC_STRINGS = NO;
				SWIFT_VERSION = 5.0;
				TARGETED_DEVICE_FAMILY = "1,2";
				TEST_TARGET_NAME = CLOTHINGAPP;
			};
			name = Debug;
		};
		885F50742BB08CE6008DB079 /* Release */ = {
			isa = XCBuildConfiguration;
			buildSettings = {
				ALWAYS_EMBED_SWIFT_STANDARD_LIBRARIES = YES;
				CODE_SIGN_STYLE = Automatic;
				CURRENT_PROJECT_VERSION = 1;
				GENERATE_INFOPLIST_FILE = YES;
				MARKETING_VERSION = 1.0;
				PRODUCT_BUNDLE_IDENTIFIER = anuaham.CLOTHINGAPPUITests;
				PRODUCT_NAME = "$(TARGET_NAME)";
				SWIFT_EMIT_LOC_STRINGS = NO;
				SWIFT_VERSION = 5.0;
				TARGETED_DEVICE_FAMILY = "1,2";
				TEST_TARGET_NAME = CLOTHINGAPP;
			};
			name = Release;
		};
/* End XCBuildConfiguration section */

/* Begin XCConfigurationList section */
		885F50432BB08CE0008DB079 /* Build configuration list for PBXProject "CLOTHINGAPP" */ = {
			isa = XCConfigurationList;
			buildConfigurations = (
				885F506A2BB08CE6008DB079 /* Debug */,
				885F506B2BB08CE6008DB079 /* Release */,
			);
			defaultConfigurationIsVisible = 0;
			defaultConfigurationName = Release;
		};
		885F506C2BB08CE6008DB079 /* Build configuration list for PBXNativeTarget "CLOTHINGAPP" */ = {
			isa = XCConfigurationList;
			buildConfigurations = (
				885F506D2BB08CE6008DB079 /* Debug */,
				885F506E2BB08CE6008DB079 /* Release */,
			);
			defaultConfigurationIsVisible = 0;
			defaultConfigurationName = Release;
		};
		885F506F2BB08CE6008DB079 /* Build configuration list for PBXNativeTarget "CLOTHINGAPPTests" */ = {
			isa = XCConfigurationList;
			buildConfigurations = (
				885F50702BB08CE6008DB079 /* Debug */,
				885F50712BB08CE6008DB079 /* Release */,
			);
			defaultConfigurationIsVisible = 0;
			defaultConfigurationName = Release;
		};
		885F50722BB08CE6008DB079 /* Build configuration list for PBXNativeTarget "CLOTHINGAPPUITests" */ = {
			isa = XCConfigurationList;
			buildConfigurations = (
				885F50732BB08CE6008DB079 /* Debug */,
				885F50742BB08CE6008DB079 /* Release */,
			);
			defaultConfigurationIsVisible = 0;
			defaultConfigurationName = Release;
		};
/* End XCConfigurationList section */
	};
	rootObject = 885F50402BB08CE0008DB079 /* Project object */;
}
